
Microsoft Visual Studio Solution File, Format Version 12.00
# Visual Studio 2013
Project("{FAE04EC0-301F-11D3-BF4B-00C04F79EFBC}") = "UnityVS.DQfirshshoot.CSharp", "UnityVS.DQfirshshoot.CSharp.csproj", "{B15C751C-DD2F-0EE1-001F-DC615BE708C2}"
EndProject
Project("{FAE04EC0-301F-11D3-BF4B-00C04F79EFBC}") = "UnityVS.DQfirshshoot.CSharp.Editor", "UnityVS.DQfirshshoot.CSharp.Editor.csproj", "{AFC30D38-79A7-DC1D-857B-618FCE180C5F}"
EndProject
Project("{FAE04EC0-301F-11D3-BF4B-00C04F79EFBC}") = "UnityVS.DQfirshshoot.CSharp.Plugins", "UnityVS.DQfirshshoot.CSharp.Plugins.csproj", "{754118DD-FD84-2029-8AA9-C6878E682C1A}"
EndProject
Global
	GlobalSection(SolutionConfigurationPlatforms) = preSolution
		Debug|Any CPU = Debug|Any CPU
		Release|Any CPU = Release|Any CPU
	EndGlobalSection
	GlobalSection(ProjectConfigurationPlatforms) = postSolution
		{B15C751C-DD2F-0EE1-001F-DC615BE708C2}.Debug|Any CPU.ActiveCfg = Debug|Any CPU
		{B15C751C-DD2F-0EE1-001F-DC615BE708C2}.Debug|Any CPU.Build.0 = Debug|Any CPU
		{B15C751C-DD2F-0EE1-001F-DC615BE708C2}.Release|Any CPU.ActiveCfg = Release|Any CPU
		{B15C751C-DD2F-0EE1-001F-DC615BE708C2}.Release|Any CPU.Build.0 = Release|Any CPU
		{AFC30D38-79A7-DC1D-857B-618FCE180C5F}.Debug|Any CPU.ActiveCfg = Debug|Any CPU
		{AFC30D38-79A7-DC1D-857B-618FCE180C5F}.Debug|Any CPU.Build.0 = Debug|Any CPU
		{AFC30D38-79A7-DC1D-857B-618FCE180C5F}.Release|Any CPU.ActiveCfg = Release|Any CPU
		{AFC30D38-79A7-DC1D-857B-618FCE180C5F}.Release|Any CPU.Build.0 = Release|Any CPU
		{754118DD-FD84-2029-8AA9-C6878E682C1A}.Debug|Any CPU.ActiveCfg = Debug|Any CPU
		{754118DD-FD84-2029-8AA9-C6878E682C1A}.Debug|Any CPU.Build.0 = Debug|Any CPU
		{754118DD-FD84-2029-8AA9-C6878E682C1A}.Release|Any CPU.ActiveCfg = Release|Any CPU
		{754118DD-FD84-2029-8AA9-C6878E682C1A}.Release|Any CPU.Build.0 = Release|Any CPU
	EndGlobalSection
	GlobalSection(SolutionProperties) = preSolution
		HideSolutionNode = FALSE
	EndGlobalSection
EndGlobal
